
Microsoft Visual Studio Solution File, Format Version 12.00
# Visual Studio Version 16
VisualStudioVersion = 16.0.30907.101
MinimumVisualStudioVersion = 10.0.40219.1
Project("{FAE04EC0-301F-11D3-BF4B-00C04F79EFBC}") = "CoreSampleWebAPI", "CoreSampleWebAPI.csproj", "{5B6C192F-BDF1-44B3-8B47-2E33472133E3}"
EndProject
Global
	GlobalSection(SolutionConfigurationPlatforms) = preSolution
		Debug|Any CPU = Debug|Any CPU
		Release|Any CPU = Release|Any CPU
	EndGlobalSection
	GlobalSection(ProjectConfigurationPlatforms) = postSolution
		{5B6C192F-BDF1-44B3-8B47-2E33472133E3}.Debug|Any CPU.ActiveCfg = Debug|Any CPU
		{5B6C192F-BDF1-44B3-8B47-2E33472133E3}.Debug|Any CPU.Build.0 = Debug|Any CPU
		{5B6C192F-BDF1-44B3-8B47-2E33472133E3}.Release|Any CPU.ActiveCfg = Release|Any CPU
		{5B6C192F-BDF1-44B3-8B47-2E33472133E3}.Release|Any CPU.Build.0 = Release|Any CPU
	EndGlobalSection
	GlobalSection(SolutionProperties) = preSolution
		HideSolutionNode = FALSE
	EndGlobalSection
	GlobalSection(ExtensibilityGlobals) = postSolution
		SolutionGuid = {6255D4FC-6E7F-4B3A-8B00-44E09555F1A2}
	EndGlobalSection
EndGlobal
